
Microsoft Visual Studio Solution File, Format Version 12.00
# Visual Studio 15
VisualStudioVersion = 15.0.27004.2009
MinimumVisualStudioVersion = 10.0.40219.1
Project("{FAE04EC0-301F-11D3-BF4B-00C04F79EFBC}") = "Haiku", "Haiku\Haiku.csproj", "{31F31FFD-CD7F-490A-8778-4E2438C903E9}"
EndProject
Project("{FAE04EC0-301F-11D3-BF4B-00C04F79EFBC}") = "HaikuTests", "HaikuTests\HaikuTests.csproj", "{96D87FD7-1C5E-4B5C-8ABD-77BB933C5764}"
EndProject
Global
	GlobalSection(SolutionConfigurationPlatforms) = preSolution
		Debug|Any CPU = Debug|Any CPU
		Release|Any CPU = Release|Any CPU
	EndGlobalSection
	GlobalSection(ProjectConfigurationPlatforms) = postSolution
		{31F31FFD-CD7F-490A-8778-4E2438C903E9}.Debug|Any CPU.ActiveCfg = Debug|Any CPU
		{31F31FFD-CD7F-490A-8778-4E2438C903E9}.Debug|Any CPU.Build.0 = Debug|Any CPU
		{31F31FFD-CD7F-490A-8778-4E2438C903E9}.Release|Any CPU.ActiveCfg = Release|Any CPU
		{31F31FFD-CD7F-490A-8778-4E2438C903E9}.Release|Any CPU.Build.0 = Release|Any CPU
		{96D87FD7-1C5E-4B5C-8ABD-77BB933C5764}.Debug|Any CPU.ActiveCfg = Debug|Any CPU
		{96D87FD7-1C5E-4B5C-8ABD-77BB933C5764}.Debug|Any CPU.Build.0 = Debug|Any CPU
		{96D87FD7-1C5E-4B5C-8ABD-77BB933C5764}.Release|Any CPU.ActiveCfg = Release|Any CPU
		{96D87FD7-1C5E-4B5C-8ABD-77BB933C5764}.Release|Any CPU.Build.0 = Release|Any CPU
	EndGlobalSection
	GlobalSection(SolutionProperties) = preSolution
		HideSolutionNode = FALSE
	EndGlobalSection
	GlobalSection(ExtensibilityGlobals) = postSolution
		SolutionGuid = {A9181D13-A3FB-4DB2-809C-FFEE1181062F}
	EndGlobalSection
EndGlobal
